{
  "version": 4,
  "terraform_version": "1.14.7",
  "serial": 102,
  "lineage": "7a162721-0bb2-468d-29af-88902ebeb758",
  "outputs": {
    "master_private_ip": {
      "value": "10.0.1.4",
      "type": "string"
    },
    "master_public_ip": {
      "value": "20.107.200.206",
      "type": "string"
    },
    "worker_public_ip": {
      "value": "52.236.51.201",
      "type": "string"
    }
  },
  "resources": [
    {
      "mode": "managed",
      "type": "azurerm_linux_virtual_machine",
      "name": "master",
      "provider": "provider[\"registry.terraform.io/hashicorp/azurerm\"]",
      "instances": [
        {
          "schema_version": 0,
          "attributes": {
            "additional_capabilities": [],
            "admin_password": null,
            "admin_ssh_key": [
              {
                "public_key": "ssh-rsa AAAAB3NzaC1yc2EAAAADAQABAAACAQCzstbfyDEVpNxnASdcab6P6fQeTpH1J6w/X+tNfr6j+dLdSMyFjSnHl9wCCUPR5SbnNjprsngXCfKCbqyFE4xX9QD+VLpi1Mg1lmKUbO2F8fY1+VP9m1Tj34FrflrkKQVO1+yoeNSMgxImoGxbwqQcyiPZaO4ceYj+IpixDVx0kXXk/aNl1HU0XzaJnwKaJ1sO8b01JWO1GbCPUX0h8Ihk8wmE7G9DC0VF3rDf7yDQPLPEMpZ3Aw/g/U45DSXBvsfeI21+n5GN6tEALk5TGxQN7ny6mJQLQu2b+NuYXMEtVzbpmMRhcaxT+7eFcaLlvUS/XDCaLwlo2aeEslFmiG9EdeXc6mBOYhULUctYCdCVSwYJJqd8PBGf2V5t4YmOHaRGUdqJ0h2uuPCqFDHXhQ5551LIa9+a0TOQQmcuZBTwR4zm+7JU+rfpY7EqGM3o2rxaeKNhqLhEIvNLDbNIEd3ruHmLnP2tHw3/GPVEkKnDRUtW6Unz24P/ZH86TZS+Ji5u/t+EDvpqhH66eZ6SboVrZ06qWmuiGKQ1d44VIoV3YEkPMfk+TXnNLsddKgLH9ZD4iO7eBSVAmfCmZRPuCrbng8/tIq9JX04fuXMnEAVqxItXlyCJsYo/hanDxpHd1KWTC4GW3JTceM23IEsy5vLk8KbegEpNHP4Zfbkt6Rtjmw== badr@BADR\r\n",
                "username": "azureuser"
              }
            ],
            "admin_username": "azureuser",
            "allow_extension_operations": true,
            "availability_set_id": "",
            "boot_diagnostics": [],
            "bypass_platform_safety_checks_on_user_schedule_enabled": false,
            "capacity_reservation_group_id": "",
            "computer_name": "k3s-master",
            "custom_data": null,
            "dedicated_host_group_id": "",
            "dedicated_host_id": "",
            "disable_password_authentication": true,
            "disk_controller_type": "SCSI",
            "edge_zone": "",
            "encryption_at_host_enabled": false,
            "eviction_policy": "",
            "extensions_time_budget": "PT1H30M",
            "gallery_application": [],
            "id": "/subscriptions/9e4319c7-8792-465f-9793-8d921fbdeecb/resourceGroups/devops-project-eu/providers/Microsoft.Compute/virtualMachines/k3s-master",
            "identity": [],
            "license_type": "",
            "location": "northeurope",
            "max_bid_price": -1,
            "name": "k3s-master",
            "network_interface_ids": [
              "/subscriptions/9e4319c7-8792-465f-9793-8d921fbdeecb/resourceGroups/devops-project-eu/providers/Microsoft.Network/networkInterfaces/master-nic"
            ],
            "os_disk": [
              {
                "caching": "ReadWrite",
                "diff_disk_settings": [],
                "disk_encryption_set_id": "",
                "disk_size_gb": 30,
                "name": "k3s-master_disk1_adf55afbe52644fcb5f7dc2ac7d5ee1e",
                "secure_vm_disk_encryption_set_id": "",
                "security_encryption_type": "",
                "storage_account_type": "Standard_LRS",
                "write_accelerator_enabled": false
              }
            ],
            "os_image_notification": [],
            "patch_assessment_mode": "ImageDefault",
            "patch_mode": "ImageDefault",
            "plan": [],
            "platform_fault_domain": -1,
            "priority": "Regular",
            "private_ip_address": "10.0.1.4",
            "private_ip_addresses": [
              "10.0.1.4"
            ],
            "provision_vm_agent": true,
            "proximity_placement_group_id": "",
            "public_ip_address": "20.107.200.206",
            "public_ip_addresses": [
              "20.107.200.206"
            ],
            "reboot_setting": "",
            "resource_group_name": "devops-project-eu",
            "secret": [],
            "secure_boot_enabled": false,
            "size": "Standard_D2s_v3",
            "source_image_id": "",
            "source_image_reference": [
              {
                "offer": "0001-com-ubuntu-server-jammy",
                "publisher": "Canonical",
                "sku": "22_04-lts-gen2",
                "version": "latest"
              }
            ],
            "tags": {},
            "termination_notification": [],
            "timeouts": null,
            "user_data": "",
            "virtual_machine_id": "b2be53db-51d5-4321-9ffe-188488b5908d",
            "virtual_machine_scale_set_id": "",
            "vm_agent_platform_updates_enabled": false,
            "vtpm_enabled": false,
            "zone": ""
          },
          "sensitive_attributes": [
            [
              {
                "type": "get_attr",
                "value": "admin_password"
              }
            ],
            [
              {
                "type": "get_attr",
                "value": "custom_data"
              }
            ]
          ],
          "identity_schema_version": 0,
          "private": "eyJlMmJmYjczMC1lY2FhLTExZTYtOGY4OC0zNDM2M2JjN2M0YzAiOnsiY3JlYXRlIjoyNzAwMDAwMDAwMDAwLCJkZWxldGUiOjI3MDAwMDAwMDAwMDAsInJlYWQiOjMwMDAwMDAwMDAwMCwidXBkYXRlIjoyNzAwMDAwMDAwMDAwfX0=",
          "dependencies": [
            "azurerm_network_interface.master_nic",
            "azurerm_public_ip.master_pip",
            "azurerm_resource_group.rg",
            "azurerm_subnet.subnet",
            "azurerm_virtual_network.vnet"
          ]
        }
      ]
    },
    {
      "mode": "managed",
      "type": "azurerm_linux_virtual_machine",
      "name": "worker",
      "provider": "provider[\"registry.terraform.io/hashicorp/azurerm\"]",
      "instances": [
        {
          "schema_version": 0,
          "attributes": {
            "additional_capabilities": [],
            "admin_password": null,
            "admin_ssh_key": [
              {
                "public_key": "ssh-rsa AAAAB3NzaC1yc2EAAAADAQABAAACAQCzstbfyDEVpNxnASdcab6P6fQeTpH1J6w/X+tNfr6j+dLdSMyFjSnHl9wCCUPR5SbnNjprsngXCfKCbqyFE4xX9QD+VLpi1Mg1lmKUbO2F8fY1+VP9m1Tj34FrflrkKQVO1+yoeNSMgxImoGxbwqQcyiPZaO4ceYj+IpixDVx0kXXk/aNl1HU0XzaJnwKaJ1sO8b01JWO1GbCPUX0h8Ihk8wmE7G9DC0VF3rDf7yDQPLPEMpZ3Aw/g/U45DSXBvsfeI21+n5GN6tEALk5TGxQN7ny6mJQLQu2b+NuYXMEtVzbpmMRhcaxT+7eFcaLlvUS/XDCaLwlo2aeEslFmiG9EdeXc6mBOYhULUctYCdCVSwYJJqd8PBGf2V5t4YmOHaRGUdqJ0h2uuPCqFDHXhQ5551LIa9+a0TOQQmcuZBTwR4zm+7JU+rfpY7EqGM3o2rxaeKNhqLhEIvNLDbNIEd3ruHmLnP2tHw3/GPVEkKnDRUtW6Unz24P/ZH86TZS+Ji5u/t+EDvpqhH66eZ6SboVrZ06qWmuiGKQ1d44VIoV3YEkPMfk+TXnNLsddKgLH9ZD4iO7eBSVAmfCmZRPuCrbng8/tIq9JX04fuXMnEAVqxItXlyCJsYo/hanDxpHd1KWTC4GW3JTceM23IEsy5vLk8KbegEpNHP4Zfbkt6Rtjmw== badr@BADR\r\n",
                "username": "azureuser"
              }
            ],
            "admin_username": "azureuser",
            "allow_extension_operations": true,
            "availability_set_id": "",
            "boot_diagnostics": [],
            "bypass_platform_safety_checks_on_user_schedule_enabled": false,
            "capacity_reservation_group_id": "",
            "computer_name": "k3s-worker",
            "custom_data": null,
            "dedicated_host_group_id": "",
            "dedicated_host_id": "",
            "disable_password_authentication": true,
            "disk_controller_type": "SCSI",
            "edge_zone": "",
            "encryption_at_host_enabled": false,
            "eviction_policy": "",
            "extensions_time_budget": "PT1H30M",
            "gallery_application": [],
            "id": "/subscriptions/9e4319c7-8792-465f-9793-8d921fbdeecb/resourceGroups/devops-project-eu/providers/Microsoft.Compute/virtualMachines/k3s-worker",
            "identity": [],
            "license_type": "",
            "location": "northeurope",
            "max_bid_price": -1,
            "name": "k3s-worker",
            "network_interface_ids": [
              "/subscriptions/9e4319c7-8792-465f-9793-8d921fbdeecb/resourceGroups/devops-project-eu/providers/Microsoft.Network/networkInterfaces/worker-nic"
            ],
            "os_disk": [
              {
                "caching": "ReadWrite",
                "diff_disk_settings": [],
                "disk_encryption_set_id": "",
                "disk_size_gb": 30,
                "name": "k3s-worker_disk1_55d43125ddc94d4c8166e6f562eb3d24",
                "secure_vm_disk_encryption_set_id": "",
                "security_encryption_type": "",
                "storage_account_type": "Standard_LRS",
                "write_accelerator_enabled": false
              }
            ],
            "os_image_notification": [],
            "patch_assessment_mode": "ImageDefault",
            "patch_mode": "ImageDefault",
            "plan": [],
            "platform_fault_domain": -1,
            "priority": "Regular",
            "private_ip_address": "10.0.1.5",
            "private_ip_addresses": [
              "10.0.1.5"
            ],
            "provision_vm_agent": true,
            "proximity_placement_group_id": "",
            "public_ip_address": "52.236.51.201",
            "public_ip_addresses": [
              "52.236.51.201"
            ],
            "reboot_setting": "",
            "resource_group_name": "devops-project-eu",
            "secret": [],
            "secure_boot_enabled": false,
            "size": "Standard_D2s_v3",
            "source_image_id": "",
            "source_image_reference": [
              {
                "offer": "0001-com-ubuntu-server-jammy",
                "publisher": "Canonical",
                "sku": "22_04-lts-gen2",
                "version": "latest"
              }
            ],
            "tags": {},
            "termination_notification": [],
            "timeouts": null,
            "user_data": "",
            "virtual_machine_id": "839537f4-2e8f-434a-b9a6-b2b738faad8f",
            "virtual_machine_scale_set_id": "",
            "vm_agent_platform_updates_enabled": false,
            "vtpm_enabled": false,
            "zone": ""
          },
          "sensitive_attributes": [
            [
              {
                "type": "get_attr",
                "value": "admin_password"
              }
            ],
            [
              {
                "type": "get_attr",
                "value": "custom_data"
              }
            ]
          ],
          "identity_schema_version": 0,
          "private": "eyJlMmJmYjczMC1lY2FhLTExZTYtOGY4OC0zNDM2M2JjN2M0YzAiOnsiY3JlYXRlIjoyNzAwMDAwMDAwMDAwLCJkZWxldGUiOjI3MDAwMDAwMDAwMDAsInJlYWQiOjMwMDAwMDAwMDAwMCwidXBkYXRlIjoyNzAwMDAwMDAwMDAwfX0=",
          "dependencies": [
            "azurerm_network_interface.worker_nic",
            "azurerm_public_ip.worker_pip",
            "azurerm_resource_group.rg",
            "azurerm_subnet.subnet",
            "azurerm_virtual_network.vnet"
          ]
        }
      ]
    },
    {
      "mode": "managed",
      "type": "azurerm_network_interface",
      "name": "master_nic",
      "provider": "provider[\"registry.terraform.io/hashicorp/azurerm\"]",
      "instances": [
        {
          "schema_version": 0,
          "attributes": {
            "accelerated_networking_enabled": false,
            "applied_dns_servers": [],
            "auxiliary_mode": "",
            "auxiliary_sku": "",
            "dns_servers": [],
            "edge_zone": "",
            "enable_accelerated_networking": false,
            "enable_ip_forwarding": false,
            "id": "/subscriptions/9e4319c7-8792-465f-9793-8d921fbdeecb/resourceGroups/devops-project-eu/providers/Microsoft.Network/networkInterfaces/master-nic",
            "internal_dns_name_label": "",
            "internal_domain_name_suffix": "hgazeore5hnevm0koum4uigy1e.fx.internal.cloudapp.net",
            "ip_configuration": [
              {
                "gateway_load_balancer_frontend_ip_configuration_id": "",
                "name": "internal",
                "primary": true,
                "private_ip_address": "10.0.1.4",
                "private_ip_address_allocation": "Dynamic",
                "private_ip_address_version": "IPv4",
                "public_ip_address_id": "/subscriptions/9e4319c7-8792-465f-9793-8d921fbdeecb/resourceGroups/devops-project-eu/providers/Microsoft.Network/publicIPAddresses/master-pip",
                "subnet_id": "/subscriptions/9e4319c7-8792-465f-9793-8d921fbdeecb/resourceGroups/devops-project-eu/providers/Microsoft.Network/virtualNetworks/devops-project-eu-vnet/subnets/internal"
              }
            ],
            "ip_forwarding_enabled": false,
            "location": "northeurope",
            "mac_address": "7C-1E-52-87-EA-52",
            "name": "master-nic",
            "private_ip_address": "10.0.1.4",
            "private_ip_addresses": [
              "10.0.1.4"
            ],
            "resource_group_name": "devops-project-eu",
            "tags": {},
            "timeouts": null,
            "virtual_machine_id": "/subscriptions/9e4319c7-8792-465f-9793-8d921fbdeecb/resourceGroups/devops-project-eu/providers/Microsoft.Compute/virtualMachines/k3s-master"
          },
          "sensitive_attributes": [],
          "identity_schema_version": 0,
          "private": "eyJlMmJmYjczMC1lY2FhLTExZTYtOGY4OC0zNDM2M2JjN2M0YzAiOnsiY3JlYXRlIjoxODAwMDAwMDAwMDAwLCJkZWxldGUiOjE4MDAwMDAwMDAwMDAsInJlYWQiOjMwMDAwMDAwMDAwMCwidXBkYXRlIjoxODAwMDAwMDAwMDAwfX0=",
          "dependencies": [
            "azurerm_public_ip.master_pip",
            "azurerm_resource_group.rg",
            "azurerm_subnet.subnet",
            "azurerm_virtual_network.vnet"
          ]
        }
      ]
    },
    {
      "mode": "managed",
      "type": "azurerm_network_interface",
      "name": "worker_nic",
      "provider": "provider[\"registry.terraform.io/hashicorp/azurerm\"]",
      "instances": [
        {
          "schema_version": 0,
          "attributes": {
            "accelerated_networking_enabled": false,
            "applied_dns_servers": [],
            "auxiliary_mode": "",
            "auxiliary_sku": "",
            "dns_servers": [],
            "edge_zone": "",
            "enable_accelerated_networking": false,
            "enable_ip_forwarding": false,
            "id": "/subscriptions/9e4319c7-8792-465f-9793-8d921fbdeecb/resourceGroups/devops-project-eu/providers/Microsoft.Network/networkInterfaces/worker-nic",
            "internal_dns_name_label": "",
            "internal_domain_name_suffix": "hgazeore5hnevm0koum4uigy1e.fx.internal.cloudapp.net",
            "ip_configuration": [
              {
                "gateway_load_balancer_frontend_ip_configuration_id": "",
                "name": "internal",
                "primary": true,
                "private_ip_address": "10.0.1.5",
                "private_ip_address_allocation": "Dynamic",
                "private_ip_address_version": "IPv4",
                "public_ip_address_id": "/subscriptions/9e4319c7-8792-465f-9793-8d921fbdeecb/resourceGroups/devops-project-eu/providers/Microsoft.Network/publicIPAddresses/worker-pip",
                "subnet_id": "/subscriptions/9e4319c7-8792-465f-9793-8d921fbdeecb/resourceGroups/devops-project-eu/providers/Microsoft.Network/virtualNetworks/devops-project-eu-vnet/subnets/internal"
              }
            ],
            "ip_forwarding_enabled": false,
            "location": "northeurope",
            "mac_address": "70-A8-A5-2E-E4-58",
            "name": "worker-nic",
            "private_ip_address": "10.0.1.5",
            "private_ip_addresses": [
              "10.0.1.5"
            ],
            "resource_group_name": "devops-project-eu",
            "tags": {},
            "timeouts": null,
            "virtual_machine_id": "/subscriptions/9e4319c7-8792-465f-9793-8d921fbdeecb/resourceGroups/devops-project-eu/providers/Microsoft.Compute/virtualMachines/k3s-worker"
          },
          "sensitive_attributes": [],
          "identity_schema_version": 0,
          "private": "eyJlMmJmYjczMC1lY2FhLTExZTYtOGY4OC0zNDM2M2JjN2M0YzAiOnsiY3JlYXRlIjoxODAwMDAwMDAwMDAwLCJkZWxldGUiOjE4MDAwMDAwMDAwMDAsInJlYWQiOjMwMDAwMDAwMDAwMCwidXBkYXRlIjoxODAwMDAwMDAwMDAwfX0=",
          "dependencies": [
            "azurerm_public_ip.worker_pip",
            "azurerm_resource_group.rg",
            "azurerm_subnet.subnet",
            "azurerm_virtual_network.vnet"
          ]
        }
      ]
    },
    {
      "mode": "managed",
      "type": "azurerm_network_security_group",
      "name": "nsg",
      "provider": "provider[\"registry.terraform.io/hashicorp/azurerm\"]",
      "instances": [
        {
          "schema_version": 0,
          "attributes": {
            "id": "/subscriptions/9e4319c7-8792-465f-9793-8d921fbdeecb/resourceGroups/devops-project-eu/providers/Microsoft.Network/networkSecurityGroups/devops-project-eu-nsg",
            "location": "northeurope",
            "name": "devops-project-eu-nsg",
            "resource_group_name": "devops-project-eu",
            "security_rule": [
              {
                "access": "Allow",
                "description": "",
                "destination_address_prefix": "*",
                "destination_address_prefixes": [],
                "destination_application_security_group_ids": [],
                "destination_port_range": "22",
                "destination_port_ranges": [],
                "direction": "Inbound",
                "name": "SSH",
                "priority": 1001,
                "protocol": "Tcp",
                "source_address_prefix": "*",
                "source_address_prefixes": [],
                "source_application_security_group_ids": [],
                "source_port_range": "*",
                "source_port_ranges": []
              },
              {
                "access": "Allow",
                "description": "",
                "destination_address_prefix": "*",
                "destination_address_prefixes": [],
                "destination_application_security_group_ids": [],
                "destination_port_range": "30080",
                "destination_port_ranges": [],
                "direction": "Inbound",
                "name": "HTTP-NodePort",
                "priority": 1003,
                "protocol": "Tcp",
                "source_address_prefix": "*",
                "source_address_prefixes": [],
                "source_application_security_group_ids": [],
                "source_port_range": "*",
                "source_port_ranges": []
              },
              {
                "access": "Allow",
                "description": "",
                "destination_address_prefix": "*",
                "destination_address_prefixes": [],
                "destination_application_security_group_ids": [],
                "destination_port_range": "6443",
                "destination_port_ranges": [],
                "direction": "Inbound",
                "name": "Kubernetes-API",
                "priority": 1002,
                "protocol": "Tcp",
                "source_address_prefix": "*",
                "source_address_prefixes": [],
                "source_application_security_group_ids": [],
                "source_port_range": "*",
                "source_port_ranges": []
              },
              {
                "access": "Allow",
                "description": "",
                "destination_address_prefix": "*",
                "destination_address_prefixes": [],
                "destination_application_security_group_ids": [],
                "destination_port_range": "80",
                "destination_port_ranges": [],
                "direction": "Inbound",
                "name": "HTTP",
                "priority": 1004,
                "protocol": "Tcp",
                "source_address_prefix": "*",
                "source_address_prefixes": [],
                "source_application_security_group_ids": [],
                "source_port_range": "*",
                "source_port_ranges": []
              }
            ],
            "tags": {},
            "timeouts": null
          },
          "sensitive_attributes": [],
          "identity_schema_version": 0,
          "private": "eyJlMmJmYjczMC1lY2FhLTExZTYtOGY4OC0zNDM2M2JjN2M0YzAiOnsiY3JlYXRlIjoxODAwMDAwMDAwMDAwLCJkZWxldGUiOjE4MDAwMDAwMDAwMDAsInJlYWQiOjMwMDAwMDAwMDAwMCwidXBkYXRlIjoxODAwMDAwMDAwMDAwfX0=",
          "dependencies": [
            "azurerm_resource_group.rg"
          ]
        }
      ]
    },
    {
      "mode": "managed",
      "type": "azurerm_public_ip",
      "name": "master_pip",
      "provider": "provider[\"registry.terraform.io/hashicorp/azurerm\"]",
      "instances": [
        {
          "schema_version": 0,
          "attributes": {
            "allocation_method": "Static",
            "ddos_protection_mode": "VirtualNetworkInherited",
            "ddos_protection_plan_id": null,
            "domain_name_label": null,
            "edge_zone": "",
            "fqdn": null,
            "id": "/subscriptions/9e4319c7-8792-465f-9793-8d921fbdeecb/resourceGroups/devops-project-eu/providers/Microsoft.Network/publicIPAddresses/master-pip",
            "idle_timeout_in_minutes": 4,
            "ip_address": "20.107.200.206",
            "ip_tags": {},
            "ip_version": "IPv4",
            "location": "northeurope",
            "name": "master-pip",
            "public_ip_prefix_id": null,
            "resource_group_name": "devops-project-eu",
            "reverse_fqdn": null,
            "sku": "Standard",
            "sku_tier": "Regional",
            "tags": {},
            "timeouts": null,
            "zones": []
          },
          "sensitive_attributes": [],
          "identity_schema_version": 0,
          "private": "eyJlMmJmYjczMC1lY2FhLTExZTYtOGY4OC0zNDM2M2JjN2M0YzAiOnsiY3JlYXRlIjoxODAwMDAwMDAwMDAwLCJkZWxldGUiOjE4MDAwMDAwMDAwMDAsInJlYWQiOjMwMDAwMDAwMDAwMCwidXBkYXRlIjoxODAwMDAwMDAwMDAwfX0=",
          "dependencies": [
            "azurerm_resource_group.rg"
          ]
        }
      ]
    },
    {
      "mode": "managed",
      "type": "azurerm_public_ip",
      "name": "worker_pip",
      "provider": "provider[\"registry.terraform.io/hashicorp/azurerm\"]",
      "instances": [
        {
          "schema_version": 0,
          "attributes": {
            "allocation_method": "Static",
            "ddos_protection_mode": "VirtualNetworkInherited",
            "ddos_protection_plan_id": null,
            "domain_name_label": null,
            "edge_zone": "",
            "fqdn": null,
            "id": "/subscriptions/9e4319c7-8792-465f-9793-8d921fbdeecb/resourceGroups/devops-project-eu/providers/Microsoft.Network/publicIPAddresses/worker-pip",
            "idle_timeout_in_minutes": 4,
            "ip_address": "52.236.51.201",
            "ip_tags": {},
            "ip_version": "IPv4",
            "location": "northeurope",
            "name": "worker-pip",
            "public_ip_prefix_id": null,
            "resource_group_name": "devops-project-eu",
            "reverse_fqdn": null,
            "sku": "Standard",
            "sku_tier": "Regional",
            "tags": {},
            "timeouts": null,
            "zones": []
          },
          "sensitive_attributes": [],
          "identity_schema_version": 0,
          "private": "eyJlMmJmYjczMC1lY2FhLTExZTYtOGY4OC0zNDM2M2JjN2M0YzAiOnsiY3JlYXRlIjoxODAwMDAwMDAwMDAwLCJkZWxldGUiOjE4MDAwMDAwMDAwMDAsInJlYWQiOjMwMDAwMDAwMDAwMCwidXBkYXRlIjoxODAwMDAwMDAwMDAwfX0=",
          "dependencies": [
            "azurerm_resource_group.rg"
          ]
        }
      ]
    },
    {
      "mode": "managed",
      "type": "azurerm_resource_group",
      "name": "rg",
      "provider": "provider[\"registry.terraform.io/hashicorp/azurerm\"]",
      "instances": [
        {
          "schema_version": 0,
          "attributes": {
            "id": "/subscriptions/9e4319c7-8792-465f-9793-8d921fbdeecb/resourceGroups/devops-project-eu",
            "location": "northeurope",
            "managed_by": "",
            "name": "devops-project-eu",
            "tags": {},
            "timeouts": null
          },
          "sensitive_attributes": [],
          "identity_schema_version": 0,
          "private": "eyJlMmJmYjczMC1lY2FhLTExZTYtOGY4OC0zNDM2M2JjN2M0YzAiOnsiY3JlYXRlIjo1NDAwMDAwMDAwMDAwLCJkZWxldGUiOjU0MDAwMDAwMDAwMDAsInJlYWQiOjMwMDAwMDAwMDAwMCwidXBkYXRlIjo1NDAwMDAwMDAwMDAwfX0="
        }
      ]
    },
    {
      "mode": "managed",
      "type": "azurerm_subnet",
      "name": "subnet",
      "provider": "provider[\"registry.terraform.io/hashicorp/azurerm\"]",
      "instances": [
        {
          "schema_version": 0,
          "attributes": {
            "address_prefixes": [
              "10.0.1.0/24"
            ],
            "default_outbound_access_enabled": true,
            "delegation": [],
            "enforce_private_link_endpoint_network_policies": false,
            "enforce_private_link_service_network_policies": false,
            "id": "/subscriptions/9e4319c7-8792-465f-9793-8d921fbdeecb/resourceGroups/devops-project-eu/providers/Microsoft.Network/virtualNetworks/devops-project-eu-vnet/subnets/internal",
            "name": "internal",
            "private_endpoint_network_policies": "Enabled",
            "private_endpoint_network_policies_enabled": true,
            "private_link_service_network_policies_enabled": true,
            "resource_group_name": "devops-project-eu",
            "service_endpoint_policy_ids": [],
            "service_endpoints": [],
            "timeouts": null,
            "virtual_network_name": "devops-project-eu-vnet"
          },
          "sensitive_attributes": [],
          "identity_schema_version": 0,
          "private": "eyJlMmJmYjczMC1lY2FhLTExZTYtOGY4OC0zNDM2M2JjN2M0YzAiOnsiY3JlYXRlIjoxODAwMDAwMDAwMDAwLCJkZWxldGUiOjE4MDAwMDAwMDAwMDAsInJlYWQiOjMwMDAwMDAwMDAwMCwidXBkYXRlIjoxODAwMDAwMDAwMDAwfX0=",
          "dependencies": [
            "azurerm_resource_group.rg",
            "azurerm_virtual_network.vnet"
          ]
        }
      ]
    },
    {
      "mode": "managed",
      "type": "azurerm_subnet_network_security_group_association",
      "name": "nsg_assoc",
      "provider": "provider[\"registry.terraform.io/hashicorp/azurerm\"]",
      "instances": [
        {
          "schema_version": 0,
          "attributes": {
            "id": "/subscriptions/9e4319c7-8792-465f-9793-8d921fbdeecb/resourceGroups/devops-project-eu/providers/Microsoft.Network/virtualNetworks/devops-project-eu-vnet/subnets/internal",
            "network_security_group_id": "/subscriptions/9e4319c7-8792-465f-9793-8d921fbdeecb/resourceGroups/devops-project-eu/providers/Microsoft.Network/networkSecurityGroups/devops-project-eu-nsg",
            "subnet_id": "/subscriptions/9e4319c7-8792-465f-9793-8d921fbdeecb/resourceGroups/devops-project-eu/providers/Microsoft.Network/virtualNetworks/devops-project-eu-vnet/subnets/internal",
            "timeouts": null
          },
          "sensitive_attributes": [],
          "identity_schema_version": 0,
          "private": "eyJlMmJmYjczMC1lY2FhLTExZTYtOGY4OC0zNDM2M2JjN2M0YzAiOnsiY3JlYXRlIjoxODAwMDAwMDAwMDAwLCJkZWxldGUiOjE4MDAwMDAwMDAwMDAsInJlYWQiOjMwMDAwMDAwMDAwMH19",
          "dependencies": [
            "azurerm_network_security_group.nsg",
            "azurerm_resource_group.rg",
            "azurerm_subnet.subnet",
            "azurerm_virtual_network.vnet"
          ]
        }
      ]
    },
    {
      "mode": "managed",
      "type": "azurerm_virtual_network",
      "name": "vnet",
      "provider": "provider[\"registry.terraform.io/hashicorp/azurerm\"]",
      "instances": [
        {
          "schema_version": 0,
          "attributes": {
            "address_space": [
              "10.0.0.0/16"
            ],
            "bgp_community": "",
            "ddos_protection_plan": [],
            "dns_servers": [],
            "edge_zone": "",
            "encryption": [],
            "flow_timeout_in_minutes": 0,
            "guid": "3a928139-f924-4ada-b34a-7519ea20d8dc",
            "id": "/subscriptions/9e4319c7-8792-465f-9793-8d921fbdeecb/resourceGroups/devops-project-eu/providers/Microsoft.Network/virtualNetworks/devops-project-eu-vnet",
            "location": "northeurope",
            "name": "devops-project-eu-vnet",
            "resource_group_name": "devops-project-eu",
            "subnet": [
              {
                "address_prefix": "10.0.1.0/24",
                "id": "/subscriptions/9e4319c7-8792-465f-9793-8d921fbdeecb/resourceGroups/devops-project-eu/providers/Microsoft.Network/virtualNetworks/devops-project-eu-vnet/subnets/internal",
                "name": "internal",
                "security_group": "/subscriptions/9e4319c7-8792-465f-9793-8d921fbdeecb/resourceGroups/devops-project-eu/providers/Microsoft.Network/networkSecurityGroups/devops-project-eu-nsg"
              }
            ],
            "tags": {},
            "timeouts": null
          },
          "sensitive_attributes": [],
          "identity_schema_version": 0,
          "private": "eyJlMmJmYjczMC1lY2FhLTExZTYtOGY4OC0zNDM2M2JjN2M0YzAiOnsiY3JlYXRlIjoxODAwMDAwMDAwMDAwLCJkZWxldGUiOjE4MDAwMDAwMDAwMDAsInJlYWQiOjMwMDAwMDAwMDAwMCwidXBkYXRlIjoxODAwMDAwMDAwMDAwfX0=",
          "dependencies": [
            "azurerm_resource_group.rg"
          ]
        }
      ]
    }
  ],
  "check_results": null
}
